dependencies:
- name: nvidia-device-plugin
  repository: https://nvidia.github.io/k8s-device-plugin
  version: 0.19.3
- name: kuberay-operator
  repository: https://ray-project.github.io/kuberay-helm/
  version: 1.4.2
- name: nats
  repository: https://nats-io.github.io/k8s/helm/charts/
  version: 2.14.2
- name: dapr
  repository: https://dapr.github.io/helm-charts/
  version: 1.18.1
- name: kueue
  repository: oci://registry.k8s.io/kueue/charts
  version: 0.18.1
- name: openfga
  repository: https://openfga.github.io/helm-charts
  version: 0.3.9
- name: cloudnative-pg
  repository: https://cloudnative-pg.github.io/charts
  version: 0.28.3
- name: rustfs-operator
  repository: file://../third_party/rustfs-operator
  version: 0.1.0
- name: greptimedb-standalone
  repository: https://greptimeteam.github.io/helm-charts/
  version: 0.4.5
- name: perses
  repository: https://perses.github.io/helm-charts
  version: 0.22.0
digest: sha256:503c037eb7f48fcc3896cd902fc62e0a011d2c7522e183b9c7a9b75ff89bb07b
generated: "2026-07-27T19:22:49.851489118+02:00"
